
Microsoft Visual Studio Solution File, Format Version 12.00
# Visual Studio Version 16
VisualStudioVersion = 16.0.30406.217
MinimumVisualStudioVersion = 10.0.40219.1
Project("{FAE04EC0-301F-11D3-BF4B-00C04F79EFBC}") = "WebApplication1", "WebApplication1\WebApplication1.csproj", "{9599CA71-77EB-478B-A810-124EE73CB28A}"
EndProject
Global
	GlobalSection(SolutionConfigurationPlatforms) = preSolution
		Debug|Any CPU = Debug|Any CPU
		Release|Any CPU = Release|Any CPU
	EndGlobalSection
	GlobalSection(ProjectConfigurationPlatforms) = postSolution
		{9599CA71-77EB-478B-A810-124EE73CB28A}.Debug|Any CPU.ActiveCfg = Debug|Any CPU
		{9599CA71-77EB-478B-A810-124EE73CB28A}.Debug|Any CPU.Build.0 = Debug|Any CPU
		{9599CA71-77EB-478B-A810-124EE73CB28A}.Release|Any CPU.ActiveCfg = Release|Any CPU
		{9599CA71-77EB-478B-A810-124EE73CB28A}.Release|Any CPU.Build.0 = Release|Any CPU
	EndGlobalSection
	GlobalSection(SolutionProperties) = preSolution
		HideSolutionNode = FALSE
	EndGlobalSection
	GlobalSection(ExtensibilityGlobals) = postSolution
		SolutionGuid = {41B03E8D-7E7D-4AF0-ADED-E5CF1FC57F2E}
	EndGlobalSection
EndGlobal
